
Microsoft Visual Studio Solution File, Format Version 12.00
# Visual Studio Version 17
VisualStudioVersion = 17.5.33424.131
MinimumVisualStudioVersion = 10.0.40219.1
Project("{FAE04EC0-301F-11D3-BF4B-00C04F79EFBC}") = "PokemonApi", "PokemonApi\PokemonApi.csproj", "{CE4CB0B8-BAC5-4647-82BB-970D57CA1167}"
EndProject
Global
	GlobalSection(SolutionConfigurationPlatforms) = preSolution
		Debug|Any CPU = Debug|Any CPU
		Release|Any CPU = Release|Any CPU
	EndGlobalSection
	GlobalSection(ProjectConfigurationPlatforms) = postSolution
		{CE4CB0B8-BAC5-4647-82BB-970D57CA1167}.Debug|Any CPU.ActiveCfg = Debug|Any CPU
		{CE4CB0B8-BAC5-4647-82BB-970D57CA1167}.Debug|Any CPU.Build.0 = Debug|Any CPU
		{CE4CB0B8-BAC5-4647-82BB-970D57CA1167}.Release|Any CPU.ActiveCfg = Release|Any CPU
		{CE4CB0B8-BAC5-4647-82BB-970D57CA1167}.Release|Any CPU.Build.0 = Release|Any CPU
	EndGlobalSection
	GlobalSection(SolutionProperties) = preSolution
		HideSolutionNode = FALSE
	EndGlobalSection
	GlobalSection(ExtensibilityGlobals) = postSolution
		SolutionGuid = {5645BD30-ACEE-4D7D-BD22-C8586BCC1B38}
	EndGlobalSection
EndGlobal
